
Microsoft Visual Studio Solution File, Format Version 12.00
# Visual Studio Version 17
VisualStudioVersion = 17.14.36623.8 d17.14
MinimumVisualStudioVersion = 10.0.40219.1
Project("{FAE04EC0-301F-11D3-BF4B-00C04F79EFBC}") = "ExpensesControl.Api", "ExpensesControl.Api\ExpensesControl.Api.csproj", "{80256E36-EB6D-40FC-9081-286AF3B1CB94}"
EndProject
Project("{FAE04EC0-301F-11D3-BF4B-00C04F79EFBC}") = "ExpensesControl.Application", "ExpensesControl.Application\ExpensesControl.Application.csproj", "{8A0471AC-97A3-4B4F-8073-9C8FD276BF3F}"
EndProject
Project("{FAE04EC0-301F-11D3-BF4B-00C04F79EFBC}") = "ExpensesControl.Domain", "ExpensesControl.Domain\ExpensesControl.Domain.csproj", "{8C16083B-869B-43DE-848D-3DAA01347BD9}"
EndProject
Project("{FAE04EC0-301F-11D3-BF4B-00C04F79EFBC}") = "ExpensesControl.Infrastructure", "ExpensesControl.Infrastructure\ExpensesControl.Infrastructure.csproj", "{F351DB13-2416-4301-B7B8-78106DC47C59}"
EndProject
Global
	GlobalSection(SolutionConfigurationPlatforms) = preSolution
		Debug|Any CPU = Debug|Any CPU
		Release|Any CPU = Release|Any CPU
	EndGlobalSection
	GlobalSection(ProjectConfigurationPlatforms) = postSolution
		{80256E36-EB6D-40FC-9081-286AF3B1CB94}.Debug|Any CPU.ActiveCfg = Debug|Any CPU
		{80256E36-EB6D-40FC-9081-286AF3B1CB94}.Debug|Any CPU.Build.0 = Debug|Any CPU
		{80256E36-EB6D-40FC-9081-286AF3B1CB94}.Release|Any CPU.ActiveCfg = Release|Any CPU
		{80256E36-EB6D-40FC-9081-286AF3B1CB94}.Release|Any CPU.Build.0 = Release|Any CPU
		{8A0471AC-97A3-4B4F-8073-9C8FD276BF3F}.Debug|Any CPU.ActiveCfg = Debug|Any CPU
		{8A0471AC-97A3-4B4F-8073-9C8FD276BF3F}.Debug|Any CPU.Build.0 = Debug|Any CPU
		{8A0471AC-97A3-4B4F-8073-9C8FD276BF3F}.Release|Any CPU.ActiveCfg = Release|Any CPU
		{8A0471AC-97A3-4B4F-8073-9C8FD276BF3F}.Release|Any CPU.Build.0 = Release|Any CPU
		{8C16083B-869B-43DE-848D-3DAA01347BD9}.Debug|Any CPU.ActiveCfg = Debug|Any CPU
		{8C16083B-869B-43DE-848D-3DAA01347BD9}.Debug|Any CPU.Build.0 = Debug|Any CPU
		{8C16083B-869B-43DE-848D-3DAA01347BD9}.Release|Any CPU.ActiveCfg = Release|Any CPU
		{8C16083B-869B-43DE-848D-3DAA01347BD9}.Release|Any CPU.Build.0 = Release|Any CPU
		{F351DB13-2416-4301-B7B8-78106DC47C59}.Debug|Any CPU.ActiveCfg = Debug|Any CPU
		{F351DB13-2416-4301-B7B8-78106DC47C59}.Debug|Any CPU.Build.0 = Debug|Any CPU
		{F351DB13-2416-4301-B7B8-78106DC47C59}.Release|Any CPU.ActiveCfg = Release|Any CPU
		{F351DB13-2416-4301-B7B8-78106DC47C59}.Release|Any CPU.Build.0 = Release|Any CPU
	EndGlobalSection
	GlobalSection(SolutionProperties) = preSolution
		HideSolutionNode = FALSE
	EndGlobalSection
	GlobalSection(ExtensibilityGlobals) = postSolution
		SolutionGuid = {B3861D5B-A991-4B2A-AE83-B51135E13E5B}
	EndGlobalSection
EndGlobal
